
Microsoft Visual Studio Solution File, Format Version 10.00
# Visual Studio 2008
Project("{8BC9CEB8-8B4A-11D0-8D11-00A0C91BC942}") = "rdb_manager", "rdb_manager.vcproj", "{5B237D56-4B90-4205-87B3-D70A2E6439A4}"
EndProject
Project("{8BC9CEB8-8B4A-11D0-8D11-00A0C91BC942}") = "rdb_lib", "..\rdb_lib\rdb_lib.vcproj", "{1A6742E6-4362-4923-9D2A-3AA400E44DBC}"
EndProject
Project("{8BC9CEB8-8B4A-11D0-8D11-00A0C91BC942}") = "rdb_tool", "..\rdb_tool\rdb_tool.vcproj", "{1849A032-A590-432B-8FDE-21B2B144ECBD}"
EndProject
Global
	GlobalSection(SolutionConfigurationPlatforms) = preSolution
		Debug|Win32 = Debug|Win32
		Release|Win32 = Release|Win32
	EndGlobalSection
	GlobalSection(ProjectConfigurationPlatforms) = postSolution
		{5B237D56-4B90-4205-87B3-D70A2E6439A4}.Debug|Win32.ActiveCfg = Debug|Win32
		{5B237D56-4B90-4205-87B3-D70A2E6439A4}.Debug|Win32.Build.0 = Debug|Win32
		{5B237D56-4B90-4205-87B3-D70A2E6439A4}.Release|Win32.ActiveCfg = Release|Win32
		{5B237D56-4B90-4205-87B3-D70A2E6439A4}.Release|Win32.Build.0 = Release|Win32
		{1A6742E6-4362-4923-9D2A-3AA400E44DBC}.Debug|Win32.ActiveCfg = Debug|Win32
		{1A6742E6-4362-4923-9D2A-3AA400E44DBC}.Debug|Win32.Build.0 = Debug|Win32
		{1A6742E6-4362-4923-9D2A-3AA400E44DBC}.Release|Win32.ActiveCfg = Release|Win32
		{1A6742E6-4362-4923-9D2A-3AA400E44DBC}.Release|Win32.Build.0 = Release|Win32
		{1849A032-A590-432B-8FDE-21B2B144ECBD}.Debug|Win32.ActiveCfg = Debug|Win32
		{1849A032-A590-432B-8FDE-21B2B144ECBD}.Debug|Win32.Build.0 = Debug|Win32
		{1849A032-A590-432B-8FDE-21B2B144ECBD}.Release|Win32.ActiveCfg = Release|Win32
		{1849A032-A590-432B-8FDE-21B2B144ECBD}.Release|Win32.Build.0 = Release|Win32
	EndGlobalSection
	GlobalSection(SolutionProperties) = preSolution
		HideSolutionNode = FALSE
	EndGlobalSection
EndGlobal
