{
  "name": "v_webif_version_v2b",
  "version": "1.0.0",
  "lockfileVersion": 1,
  "requires": true,
  "dependencies": {
    "@types/jquery": {
      "version": "3.3.31",
      "resolved": "https://registry.npmjs.org/@types/jquery/-/jquery-3.3.31.tgz",
      "integrity": "sha512-Lz4BAJihoFw5nRzKvg4nawXPzutkv7wmfQ5121avptaSIXlDNJCUuxZxX/G+9EVidZGuO0UBlk+YjKbwRKJigg==",
      "requires": {
        "@types/sizzle": "*"
      }
    },
    "@types/jquery.blockui": {
      "version": "0.0.28",
      "resolved": "https://registry.npmjs.org/@types/jquery.blockui/-/jquery.blockui-0.0.28.tgz",
      "integrity": "sha512-6zkA/rYkXjd4H1diYZWxeusFsJ49R+0Q6Gv000TkQ4PCxIAAon7R9kc+OKyXo2oV6IV+i5l4usfwk9TEasbsPw==",
      "requires": {
        "@types/jquery": "*"
      }
    },
    "@types/jquery.validation": {
      "version": "1.16.6",
      "resolved": "https://registry.npmjs.org/@types/jquery.validation/-/jquery.validation-1.16.6.tgz",
      "integrity": "sha512-RA2bYZELFFmA17mxarjKdCtsn8EH0dOKgj7tpJmeLREkMaOj4H1PbD3UIBuAGQ3Yn8o5748l5IWUmWoAoRYgIw==",
      "requires": {
        "@types/jquery": "*"
      }
    },
    "@types/jqueryui": {
      "version": "1.12.10",
      "resolved": "https://registry.npmjs.org/@types/jqueryui/-/jqueryui-1.12.10.tgz",
      "integrity": "sha512-T8sctslWIiLl/2EHEQQfKCB92S9bMKBaeE3+iBRbSERMK/1gzyfqjaIEksduB4eUEsKq+Ji0Y+qVbiXQwI2Mwg==",
      "requires": {
        "@types/jquery": "*"
      }
    },
    "@types/node": {
      "version": "10.9.3",
      "resolved": "https://registry.npmjs.org/@types/node/-/node-10.9.3.tgz",
      "integrity": "sha512-DOzWZKUnmFYG0KUOs+9HEBju2QhBU6oM2zeluunQNt0vnJvnkHvtDNlQPZDkTrkC5pZrNx1TPqeL137zciXZMQ=="
    },
    "@types/sizzle": {
      "version": "2.3.2",
      "resolved": "https://registry.npmjs.org/@types/sizzle/-/sizzle-2.3.2.tgz",
      "integrity": "sha512-7EJYyKTL7tFR8+gDbB6Wwz/arpGa0Mywk1TJbNzKzHtzbwVmY4HR9WqS5VV7dsBUKQmPNr192jHr/VpBluj/hg=="
    }
  }
}
